// !$*UTF8*$!
{
	archiveVersion = 1;
	classes = {
	};
	objectVersion = 46;
	objects = {

/* Begin PBXBuildFile section */
		4CEC5E9A1B17C44179DEFC92 /* libPods-SwiftLearing.a in Frameworks */ = {isa = PBXBuildFile; fileRef = 6F95C5697344D28BEDC8B140 /* libPods-SwiftLearing.a */; };
		CE5123D31D49CDB500A61AA2 /* InGlobalFile.swift in Sources */ = {isa = PBXBuildFile; fileRef = CE5123D21D49CDB500A61AA2 /* InGlobalFile.swift */; };
		CE5534F71D59B40D005422B3 /* TxtFieldGloabClass.swift in Sources */ = {isa = PBXBuildFile; fileRef = CE5534F61D59B40D005422B3 /* TxtFieldGloabClass.swift */; };
		CE5535021D5A03BE005422B3 /* libStripe.a in Frameworks */ = {isa = PBXBuildFile; fileRef = CE5535011D5A03BE005422B3 /* libStripe.a */; };
		CE5E10FF1CF575FD00986566 /* getWebPageSource.swift in Sources */ = {isa = PBXBuildFile; fileRef = CE5E10FD1CF575FD00986566 /* getWebPageSource.swift */; };
		CE6071961D3F454400A1904C /* MainTableViewController.swift in Sources */ = {isa = PBXBuildFile; fileRef = CE6071951D3F454400A1904C /* MainTableViewController.swift */; };
		CE6071981D3F734500A1904C /* LocalNotificationVC.swift in Sources */ = {isa = PBXBuildFile; fileRef = CE6071971D3F734500A1904C /* LocalNotificationVC.swift */; };
		CE611F861D589BDB00DF5476 /* Tutorial.storyboard in Resources */ = {isa = PBXBuildFile; fileRef = CE611F851D589BDB00DF5476 /* Tutorial.storyboard */; };
		CE63B9F31D6C30D3004BC712 /* Fabric.storyboard in Resources */ = {isa = PBXBuildFile; fileRef = CE63B9F21D6C30D3004BC712 /* Fabric.storyboard */; };
		CE63B9F51D6C30F2004BC712 /* StripeViewController.swift in Sources */ = {isa = PBXBuildFile; fileRef = CE63B9F41D6C30F2004BC712 /* StripeViewController.swift */; };
		CE71897D1D58A95E00D1F397 /* StripeIntagrationVC.swift in Sources */ = {isa = PBXBuildFile; fileRef = CE71897C1D58A95E00D1F397 /* StripeIntagrationVC.swift */; };
		CE71897E1D58AC4000D1F397 /* EventKit.framework in Frameworks */ = {isa = PBXBuildFile; fileRef = CE7589C01D41E48900DE27D4 /* EventKit.framework */; };
		CE7189821D58B45600D1F397 /* TutorialTabelVC.swift in Sources */ = {isa = PBXBuildFile; fileRef = CE7189811D58B45600D1F397 /* TutorialTabelVC.swift */; };
		CE7589C41D4238BB00DE27D4 /* PushNotificationVC.swift in Sources */ = {isa = PBXBuildFile; fileRef = CE7589C31D4238BB00DE27D4 /* PushNotificationVC.swift */; };
		CE7F14621D40D4A90074825C /* LocationViewController.swift in Sources */ = {isa = PBXBuildFile; fileRef = CE7F14611D40D4A90074825C /* LocationViewController.swift */; };
		CE9E500C1D5338FC006E290A /* Tutorial.json in Resources */ = {isa = PBXBuildFile; fileRef = CE9E500B1D5338FC006E290A /* Tutorial.json */; };
		CEA05DDE1D4749CB007AABD8 /* PasscodeTextFieldVC.swift in Sources */ = {isa = PBXBuildFile; fileRef = CEA05DDD1D4749CB007AABD8 /* PasscodeTextFieldVC.swift */; };
		CEAC0C1F1CF42AD000B0B1A0 /* AppDelegate.swift in Sources */ = {isa = PBXBuildFile; fileRef = CEAC0C1E1CF42AD000B0B1A0 /* AppDelegate.swift */; };
		CEAC0C211CF42AD000B0B1A0 /* ViewController.swift in Sources */ = {isa = PBXBuildFile; fileRef = CEAC0C201CF42AD000B0B1A0 /* ViewController.swift */; };
		CEAC0C241CF42AD000B0B1A0 /* Main.storyboard in Resources */ = {isa = PBXBuildFile; fileRef = CEAC0C221CF42AD000B0B1A0 /* Main.storyboard */; };
		CEAC0C261CF42AD000B0B1A0 /* Assets.xcassets in Resources */ = {isa = PBXBuildFile; fileRef = CEAC0C251CF42AD000B0B1A0 /* Assets.xcassets */; };
		CEAC0C291CF42AD000B0B1A0 /* LaunchScreen.storyboard in Resources */ = {isa = PBXBuildFile; fileRef = CEAC0C271CF42AD000B0B1A0 /* LaunchScreen.storyboard */; };
		CEAC0C311CF42D7600B0B1A0 /* Registration.json in Resources */ = {isa = PBXBuildFile; fileRef = CEAC0C301CF42D7600B0B1A0 /* Registration.json */; };
/* End PBXBuildFile section */

/* Begin PBXFileReference section */
		1CB98E3BF2BB4FEE3F6E17B9 /* Pods-SwiftLearing.release.xcconfig */ = {isa = PBXFileReference; includeInIndex = 1; lastKnownFileType = text.xcconfig; name = "Pods-SwiftLearing.release.xcconfig"; path = "Pods/Target Support Files/Pods-SwiftLearing/Pods-SwiftLearing.release.xcconfig"; sourceTree = "<group>"; };
		4688458BF188FFDE061C179D /* Pods-SwiftLearing.debug.xcconfig */ = {isa = PBXFileReference; includeInIndex = 1; lastKnownFileType = text.xcconfig; name = "Pods-SwiftLearing.debug.xcconfig"; path = "Pods/Target Support Files/Pods-SwiftLearing/Pods-SwiftLearing.debug.xcconfig"; sourceTree = "<group>"; };
		6F95C5697344D28BEDC8B140 /* libPods-SwiftLearing.a */ = {isa = PBXFileReference; explicitFileType = archive.ar; includeInIndex = 0; path = "libPods-SwiftLearing.a"; sourceTree = BUILT_PRODUCTS_DIR; };
		CE5123D21D49CDB500A61AA2 /* InGlobalFile.swift */ = {isa = PBXFileReference; fileEncoding = 4; lastKnownFileType = sourcecode.swift; name = InGlobalFile.swift; path = "SwiftLearing/Global files/InGlobalFile.swift"; sourceTree = "<group>"; };
		CE5534F61D59B40D005422B3 /* TxtFieldGloabClass.swift */ = {isa = PBXFileReference; fileEncoding = 4; lastKnownFileType = sourcecode.swift; name = TxtFieldGloabClass.swift; path = "SwiftLearing/Global files/TxtFieldGloabClass.swift"; sourceTree = "<group>"; };
		CE5534F81D59E46C005422B3 /* SwiftLearing-Bridging-Header.h */ = {isa = PBXFileReference; lastKnownFileType = sourcecode.c.h; path = "SwiftLearing-Bridging-Header.h"; sourceTree = "<group>"; };
		CE5534FE1D59FD75005422B3 /* SwiftLearing.entitlements */ = {isa = PBXFileReference; lastKnownFileType = text.xml; path = SwiftLearing.entitlements; sourceTree = "<group>"; };
		CE5535011D5A03BE005422B3 /* libStripe.a */ = {isa = PBXFileReference; lastKnownFileType = archive.ar; name = libStripe.a; path = "../../../Library/Developer/Xcode/DerivedData/SwiftLearing-gmtrcfqipuuxxtbbjzgqedobkjjj/Build/Products/Debug-iphonesimulator/Stripe/libStripe.a"; sourceTree = "<group>"; };
		CE5E10FD1CF575FD00986566 /* getWebPageSource.swift */ = {isa = PBXFileReference; fileEncoding = 4; lastKnownFileType = sourcecode.swift; name = getWebPageSource.swift; path = getWebPage/getWebPageSource.swift; sourceTree = "<group>"; };
		CE6071951D3F454400A1904C /* MainTableViewController.swift */ = {isa = PBXFileReference; fileEncoding = 4; lastKnownFileType = sourcecode.swift; path = MainTableViewController.swift; sourceTree = "<group>"; };
		CE6071971D3F734500A1904C /* LocalNotificationVC.swift */ = {isa = PBXFileReference; fileEncoding = 4; lastKnownFileType = sourcecode.swift; name = LocalNotificationVC.swift; path = LocalNotification/LocalNotificationVC.swift; sourceTree = "<group>"; };
		CE611F851D589BDB00DF5476 /* Tutorial.storyboard */ = {isa = PBXFileReference; fileEncoding = 4; lastKnownFileType = file.storyboard; name = Tutorial.storyboard; path = StoryBoard/Tutorial.storyboard; sourceTree = "<group>"; };
		CE63B9F21D6C30D3004BC712 /* Fabric.storyboard */ = {isa = PBXFileReference; fileEncoding = 4; lastKnownFileType = file.storyboard; name = Fabric.storyboard; path = SwiftLearing/FabricFiles/Fabric.storyboard; sourceTree = "<group>"; };
		CE63B9F41D6C30F2004BC712 /* StripeViewController.swift */ = {isa = PBXFileReference; fileEncoding = 4; lastKnownFileType = sourcecode.swift; name = StripeViewController.swift; path = SwiftLearing/FabricFiles/StripeViewController.swift; sourceTree = "<group>"; };
		CE71897C1D58A95E00D1F397 /* StripeIntagrationVC.swift */ = {isa = PBXFileReference; fileEncoding = 4; lastKnownFileType = sourcecode.swift; path = StripeIntagrationVC.swift; sourceTree = "<group>"; };
		CE7189811D58B45600D1F397 /* TutorialTabelVC.swift */ = {isa = PBXFileReference; fileEncoding = 4; lastKnownFileType = sourcecode.swift; name = TutorialTabelVC.swift; path = tutorial/TutorialTabelVC.swift; sourceTree = "<group>"; };
		CE7589C01D41E48900DE27D4 /* EventKit.framework */ = {isa = PBXFileReference; lastKnownFileType = wrapper.framework; name = EventKit.framework; path = System/Library/Frameworks/EventKit.framework; sourceTree = SDKROOT; };
		CE7589C31D4238BB00DE27D4 /* PushNotificationVC.swift */ = {isa = PBXFileReference; fileEncoding = 4; lastKnownFileType = sourcecode.swift; path = PushNotificationVC.swift; sourceTree = "<group>"; };
		CE7F14611D40D4A90074825C /* LocationViewController.swift */ = {isa = PBXFileReference; fileEncoding = 4; lastKnownFileType = sourcecode.swift; name = LocationViewController.swift; path = location/LocationViewController.swift; sourceTree = "<group>"; };
		CE9E500B1D5338FC006E290A /* Tutorial.json */ = {isa = PBXFileReference; fileEncoding = 4; lastKnownFileType = text.json; name = Tutorial.json; path = tutorial/Tutorial.json; sourceTree = "<group>"; };
		CEA05DDD1D4749CB007AABD8 /* PasscodeTextFieldVC.swift */ = {isa = PBXFileReference; fileEncoding = 4; lastKnownFileType = sourcecode.swift; path = PasscodeTextFieldVC.swift; sourceTree = "<group>"; };
		CEAC0C1B1CF42ACF00B0B1A0 /* SwiftLearing.app */ = {isa = PBXFileReference; explicitFileType = wrapper.application; includeInIndex = 0; path = SwiftLearing.app; sourceTree = BUILT_PRODUCTS_DIR; };
		CEAC0C1E1CF42AD000B0B1A0 /* AppDelegate.swift */ = {isa = PBXFileReference; lastKnownFileType = sourcecode.swift; path = AppDelegate.swift; sourceTree = "<group>"; };
		CEAC0C201CF42AD000B0B1A0 /* ViewController.swift */ = {isa = PBXFileReference; lastKnownFileType = sourcecode.swift; path = ViewController.swift; sourceTree = "<group>"; };
		CEAC0C231CF42AD000B0B1A0 /* Base */ = {isa = PBXFileReference; lastKnownFileType = file.storyboard; name = Base; path = Base.lproj/Main.storyboard; sourceTree = "<group>"; };
		CEAC0C251CF42AD000B0B1A0 /* Assets.xcassets */ = {isa = PBXFileReference; lastKnownFileType = folder.assetcatalog; path = Assets.xcassets; sourceTree = "<group>"; };
		CEAC0C281CF42AD000B0B1A0 /* Base */ = {isa = PBXFileReference; lastKnownFileType = file.storyboard; name = Base; path = Base.lproj/LaunchScreen.storyboard; sourceTree = "<group>"; };
		CEAC0C2A1CF42AD000B0B1A0 /* Info.plist */ = {isa = PBXFileReference; lastKnownFileType = text.plist.xml; path = Info.plist; sourceTree = "<group>"; };
		CEAC0C301CF42D7600B0B1A0 /* Registration.json */ = {isa = PBXFileReference; fileEncoding = 4; lastKnownFileType = text.json; name = Registration.json; path = ../Registration.json; sourceTree = "<group>"; };
/* End PBXFileReference section */

/* Begin PBXFrameworksBuildPhase section */
		CEAC0C181CF42ACF00B0B1A0 /* Frameworks */ = {
			isa = PBXFrameworksBuildPhase;
			buildActionMask = 2147483647;
			files = (
				CE5535021D5A03BE005422B3 /* libStripe.a in Frameworks */,
				CE71897E1D58AC4000D1F397 /* EventKit.framework in Frameworks */,
				4CEC5E9A1B17C44179DEFC92 /* libPods-SwiftLearing.a in Frameworks */,
			);
			runOnlyForDeploymentPostprocessing = 0;
		};
/* End PBXFrameworksBuildPhase section */

/* Begin PBXGroup section */
		2BDB836EA5FDB7FEF9962009 /* Pods */ = {
			isa = PBXGroup;
			children = (
				4688458BF188FFDE061C179D /* Pods-SwiftLearing.debug.xcconfig */,
				1CB98E3BF2BB4FEE3F6E17B9 /* Pods-SwiftLearing.release.xcconfig */,
			);
			name = Pods;
			sourceTree = "<group>";
		};
		CE5534FC1D59E481005422B3 /* SupportingFiles */ = {
			isa = PBXGroup;
			children = (
				CEAC0C301CF42D7600B0B1A0 /* Registration.json */,
				CEAC0C271CF42AD000B0B1A0 /* LaunchScreen.storyboard */,
				CEAC0C251CF42AD000B0B1A0 /* Assets.xcassets */,
				CEAC0C2A1CF42AD000B0B1A0 /* Info.plist */,
				CE5534F81D59E46C005422B3 /* SwiftLearing-Bridging-Header.h */,
			);
			name = SupportingFiles;
			path = SwiftLearing;
			sourceTree = "<group>";
		};
		CE5534FD1D59E7D8005422B3 /* AppDelegate */ = {
			isa = PBXGroup;
			children = (
				CEAC0C1E1CF42AD000B0B1A0 /* AppDelegate.swift */,
			);
			name = AppDelegate;
			path = SwiftLearing;
			sourceTree = "<group>";
		};
		CE63B9F01D6C3048004BC712 /* NSObjectClass */ = {
			isa = PBXGroup;
			children = (
				CE5534F61D59B40D005422B3 /* TxtFieldGloabClass.swift */,
				CE5123D21D49CDB500A61AA2 /* InGlobalFile.swift */,
			);
			name = NSObjectClass;
			sourceTree = "<group>";
		};
		CE63B9F11D6C3085004BC712 /* Fabric */ = {
			isa = PBXGroup;
			children = (
				CE63B9F21D6C30D3004BC712 /* Fabric.storyboard */,
				CE63B9F41D6C30F2004BC712 /* StripeViewController.swift */,
			);
			name = Fabric;
			sourceTree = "<group>";
		};
		CE7589C21D41E49200DE27D4 /* Frameworks */ = {
			isa = PBXGroup;
			children = (
				CE5535011D5A03BE005422B3 /* libStripe.a */,
				CE7589C01D41E48900DE27D4 /* EventKit.framework */,
				6F95C5697344D28BEDC8B140 /* libPods-SwiftLearing.a */,
			);
			name = Frameworks;
			sourceTree = "<group>";
		};
		CE9E500A1D5338EA006E290A /* Tutorial */ = {
			isa = PBXGroup;
			children = (
				CE611F851D589BDB00DF5476 /* Tutorial.storyboard */,
				CE9E500B1D5338FC006E290A /* Tutorial.json */,
				CE7189811D58B45600D1F397 /* TutorialTabelVC.swift */,
			);
			name = Tutorial;
			path = SwiftLearing;
			sourceTree = "<group>";
		};
		CEAC0C121CF42ACF00B0B1A0 = {
			isa = PBXGroup;
			children = (
				CE63B9F01D6C3048004BC712 /* NSObjectClass */,
				CE5534FD1D59E7D8005422B3 /* AppDelegate */,
				CE63B9F11D6C3085004BC712 /* Fabric */,
				CE9E500A1D5338EA006E290A /* Tutorial */,
				CEAC0C1D1CF42ACF00B0B1A0 /* SwiftLearing */,
				CE5534FC1D59E481005422B3 /* SupportingFiles */,
				CE7589C21D41E49200DE27D4 /* Frameworks */,
				CEAC0C1C1CF42ACF00B0B1A0 /* Products */,
				2BDB836EA5FDB7FEF9962009 /* Pods */,
			);
			sourceTree = "<group>";
		};
		CEAC0C1C1CF42ACF00B0B1A0 /* Products */ = {
			isa = PBXGroup;
			children = (
				CEAC0C1B1CF42ACF00B0B1A0 /* SwiftLearing.app */,
			);
			name = Products;
			sourceTree = "<group>";
		};
		CEAC0C1D1CF42ACF00B0B1A0 /* SwiftLearing */ = {
			isa = PBXGroup;
			children = (
				CE5534FE1D59FD75005422B3 /* SwiftLearing.entitlements */,
				CEAC0C221CF42AD000B0B1A0 /* Main.storyboard */,
				CE6071951D3F454400A1904C /* MainTableViewController.swift */,
				CEAC0C201CF42AD000B0B1A0 /* ViewController.swift */,
				CE5E10FD1CF575FD00986566 /* getWebPageSource.swift */,
				CE6071971D3F734500A1904C /* LocalNotificationVC.swift */,
				CE7F14611D40D4A90074825C /* LocationViewController.swift */,
				CE7589C31D4238BB00DE27D4 /* PushNotificationVC.swift */,
				CEA05DDD1D4749CB007AABD8 /* PasscodeTextFieldVC.swift */,
				CE71897C1D58A95E00D1F397 /* StripeIntagrationVC.swift */,
			);
			path = SwiftLearing;
			sourceTree = "<group>";
		};
/* End PBXGroup section */

/* Begin PBXNativeTarget section */
		CEAC0C1A1CF42ACF00B0B1A0 /* SwiftLearing */ = {
			isa = PBXNativeTarget;
			buildConfigurationList = CEAC0C2D1CF42AD000B0B1A0 /* Build configuration list for PBXNativeTarget "SwiftLearing" */;
			buildPhases = (
				469CD4BED97C7A7692146398 /* 📦 Check Pods Manifest.lock */,
				CEAC0C171CF42ACF00B0B1A0 /* Sources */,
				CEAC0C181CF42ACF00B0B1A0 /* Frameworks */,
				CEAC0C191CF42ACF00B0B1A0 /* Resources */,
				CEAE39921D4F58E8000494CB /* ShellScript */,
				0B12C6AD2897BE0506DAD30B /* 📦 Embed Pods Frameworks */,
				51A8B97674C4D828AD0CF940 /* 📦 Copy Pods Resources */,
			);
			buildRules = (
			);
			dependencies = (
			);
			name = SwiftLearing;
			productName = SwiftLearing;
			productReference = CEAC0C1B1CF42ACF00B0B1A0 /* SwiftLearing.app */;
			productType = "com.apple.product-type.application";
		};
/* End PBXNativeTarget section */

/* Begin PBXProject section */
		CEAC0C131CF42ACF00B0B1A0 /* Project object */ = {
			isa = PBXProject;
			attributes = {
				LastSwiftUpdateCheck = 0730;
				LastUpgradeCheck = 0730;
				ORGANIZATIONNAME = user;
				TargetAttributes = {
					CEAC0C1A1CF42ACF00B0B1A0 = {
						CreatedOnToolsVersion = 7.3.1;
						DevelopmentTeam = ESS76MX5U7;
						SystemCapabilities = {
							com.apple.BackgroundModes = {
								enabled = 1;
							};
							com.apple.OMC = {
								enabled = 1;
							};
							com.apple.Push = {
								enabled = 1;
							};
						};
					};
				};
			};
			buildConfigurationList = CEAC0C161CF42ACF00B0B1A0 /* Build configuration list for PBXProject "SwiftLearing" */;
			compatibilityVersion = "Xcode 3.2";
			developmentRegion = English;
			hasScannedForEncodings = 0;
			knownRegions = (
				en,
				Base,
			);
			mainGroup = CEAC0C121CF42ACF00B0B1A0;
			productRefGroup = CEAC0C1C1CF42ACF00B0B1A0 /* Products */;
			projectDirPath = "";
			projectRoot = "";
			targets = (
				CEAC0C1A1CF42ACF00B0B1A0 /* SwiftLearing */,
			);
		};
/* End PBXProject section */

/* Begin PBXResourcesBuildPhase section */
		CEAC0C191CF42ACF00B0B1A0 /* Resources */ = {
			isa = PBXResourcesBuildPhase;
			buildActionMask = 2147483647;
			files = (
				CEAC0C311CF42D7600B0B1A0 /* Registration.json in Resources */,
				CEAC0C291CF42AD000B0B1A0 /* LaunchScreen.storyboard in Resources */,
				CEAC0C261CF42AD000B0B1A0 /* Assets.xcassets in Resources */,
				CE63B9F31D6C30D3004BC712 /* Fabric.storyboard in Resources */,
				CE9E500C1D5338FC006E290A /* Tutorial.json in Resources */,
				CE611F861D589BDB00DF5476 /* Tutorial.storyboard in Resources */,
				CEAC0C241CF42AD000B0B1A0 /* Main.storyboard in Resources */,
			);
			runOnlyForDeploymentPostprocessing = 0;
		};
/* End PBXResourcesBuildPhase section */

/* Begin PBXShellScriptBuildPhase section */
		0B12C6AD2897BE0506DAD30B /* 📦 Embed Pods Frameworks */ = {
			isa = PBXShellScriptBuildPhase;
			buildActionMask = 2147483647;
			files = (
			);
			inputPaths = (
			);
			name = "📦 Embed Pods Frameworks";
			outputPaths = (
			);
			runOnlyForDeploymentPostprocessing = 0;
			shellPath = /bin/sh;
			shellScript = "\"${SRCROOT}/Pods/Target Support Files/Pods-SwiftLearing/Pods-SwiftLearing-frameworks.sh\"\n";
			showEnvVarsInLog = 0;
		};
		469CD4BED97C7A7692146398 /* 📦 Check Pods Manifest.lock */ = {
			isa = PBXShellScriptBuildPhase;
			buildActionMask = 2147483647;
			files = (
			);
			inputPaths = (
			);
			name = "📦 Check Pods Manifest.lock";
			outputPaths = (
			);
			runOnlyForDeploymentPostprocessing = 0;
			shellPath = /bin/sh;
			shellScript = "diff \"${PODS_ROOT}/../Podfile.lock\" \"${PODS_ROOT}/Manifest.lock\" > /dev/null\nif [[ $? != 0 ]] ; then\n    cat << EOM\nerror: The sandbox is not in sync with the Podfile.lock. Run 'pod install' or update your CocoaPods installation.\nEOM\n    exit 1\nfi\n";
			showEnvVarsInLog = 0;
		};
		51A8B97674C4D828AD0CF940 /* 📦 Copy Pods Resources */ = {
			isa = PBXShellScriptBuildPhase;
			buildActionMask = 2147483647;
			files = (
			);
			inputPaths = (
			);
			name = "📦 Copy Pods Resources";
			outputPaths = (
			);
			runOnlyForDeploymentPostprocessing = 0;
			shellPath = /bin/sh;
			shellScript = "\"${SRCROOT}/Pods/Target Support Files/Pods-SwiftLearing/Pods-SwiftLearing-resources.sh\"\n";
			showEnvVarsInLog = 0;
		};
		CEAE39921D4F58E8000494CB /* ShellScript */ = {
			isa = PBXShellScriptBuildPhase;
			buildActionMask = 2147483647;
			files = (
			);
			inputPaths = (
			);
			outputPaths = (
			);
			runOnlyForDeploymentPostprocessing = 0;
			shellPath = /bin/sh;
			shellScript = "cd \"${CONFIGURATION_BUILD_DIR}/${UNLOCALIZED_RESOURCES_FOLDER_PATH}/\"\nif [[ -d \"Frameworks\" ]]; then\nrm -fr Frameworks\nfi";
		};
/* End PBXShellScriptBuildPhase section */

/* Begin PBXSourcesBuildPhase section */
		CEAC0C171CF42ACF00B0B1A0 /* Sources */ = {
			isa = PBXSourcesBuildPhase;
			buildActionMask = 2147483647;
			files = (
				CEA05DDE1D4749CB007AABD8 /* PasscodeTextFieldVC.swift in Sources */,
				CE6071981D3F734500A1904C /* LocalNotificationVC.swift in Sources */,
				CE6071961D3F454400A1904C /* MainTableViewController.swift in Sources */,
				CE5123D31D49CDB500A61AA2 /* InGlobalFile.swift in Sources */,
				CE63B9F51D6C30F2004BC712 /* StripeViewController.swift in Sources */,
				CE71897D1D58A95E00D1F397 /* StripeIntagrationVC.swift in Sources */,
				CE5E10FF1CF575FD00986566 /* getWebPageSource.swift in Sources */,
				CE5534F71D59B40D005422B3 /* TxtFieldGloabClass.swift in Sources */,
				CE7F14621D40D4A90074825C /* LocationViewController.swift in Sources */,
				CE7189821D58B45600D1F397 /* TutorialTabelVC.swift in Sources */,
				CEAC0C211CF42AD000B0B1A0 /* ViewController.swift in Sources */,
				CE7589C41D4238BB00DE27D4 /* PushNotificationVC.swift in Sources */,
				CEAC0C1F1CF42AD000B0B1A0 /* AppDelegate.swift in Sources */,
			);
			runOnlyForDeploymentPostprocessing = 0;
		};
/* End PBXSourcesBuildPhase section */

/* Begin PBXVariantGroup section */
		CEAC0C221CF42AD000B0B1A0 /* Main.storyboard */ = {
			isa = PBXVariantGroup;
			children = (
				CEAC0C231CF42AD000B0B1A0 /* Base */,
			);
			name = Main.storyboard;
			sourceTree = "<group>";
		};
		CEAC0C271CF42AD000B0B1A0 /* LaunchScreen.storyboard */ = {
			isa = PBXVariantGroup;
			children = (
				CEAC0C281CF42AD000B0B1A0 /* Base */,
			);
			name = LaunchScreen.storyboard;
			sourceTree = "<group>";
		};
/* End PBXVariantGroup section */

/* Begin XCBuildConfiguration section */
		CEAC0C2B1CF42AD000B0B1A0 /* Debug */ = {
			isa = XCBuildConfiguration;
			buildSettings = {
				ALWAYS_SEARCH_USER_PATHS = NO;
				CLANG_ANALYZER_NONNULL = YES;
				CLANG_CXX_LANGUAGE_STANDARD = "gnu++0x";
				CLANG_CXX_LIBRARY = "libc++";
				CLANG_ENABLE_MODULES = YES;
				CLANG_ENABLE_OBJC_ARC = YES;
				CLANG_WARN_BOOL_CONVERSION = YES;
				CLANG_WARN_CONSTANT_CONVERSION = YES;
				CLANG_WARN_DIRECT_OBJC_ISA_USAGE = YES_ERROR;
				CLANG_WARN_EMPTY_BODY = YES;
				CLANG_WARN_ENUM_CONVERSION = YES;
				CLANG_WARN_INT_CONVERSION = YES;
				CLANG_WARN_OBJC_ROOT_CLASS = YES_ERROR;
				CLANG_WARN_UNREACHABLE_CODE = YES;
				CLANG_WARN__DUPLICATE_METHOD_MATCH = YES;
				CODE_SIGN_IDENTITY = "iPhone Developer";
				"CODE_SIGN_IDENTITY[sdk=iphoneos*]" = "iPhone Developer";
				COPY_PHASE_STRIP = NO;
				DEBUG_INFORMATION_FORMAT = dwarf;
				ENABLE_STRICT_OBJC_MSGSEND = YES;
				ENABLE_TESTABILITY = YES;
				GCC_C_LANGUAGE_STANDARD = gnu99;
				GCC_DYNAMIC_NO_PIC = NO;
				GCC_NO_COMMON_BLOCKS = YES;
				GCC_OPTIMIZATION_LEVEL = 0;
				GCC_PREPROCESSOR_DEFINITIONS = (
					"DEBUG=1",
					"$(inherited)",
				);
				GCC_WARN_64_TO_32_BIT_CONVERSION = YES;
				GCC_WARN_ABOUT_RETURN_TYPE = YES_ERROR;
				GCC_WARN_UNDECLARED_SELECTOR = YES;
				GCC_WARN_UNINITIALIZED_AUTOS = YES_AGGRESSIVE;
				GCC_WARN_UNUSED_FUNCTION = YES;
				GCC_WARN_UNUSED_VARIABLE = YES;
				IPHONEOS_DEPLOYMENT_TARGET = 9.3;
				MTL_ENABLE_DEBUG_INFO = YES;
				ONLY_ACTIVE_ARCH = YES;
				PROVISIONING_PROFILE = "";
				SDKROOT = iphoneos;
				SWIFT_OPTIMIZATION_LEVEL = "-Onone";
			};
			name = Debug;
		};
		CEAC0C2C1CF42AD000B0B1A0 /* Release */ = {
			isa = XCBuildConfiguration;
			buildSettings = {
				ALWAYS_SEARCH_USER_PATHS = NO;
				CLANG_ANALYZER_NONNULL = YES;
				CLANG_CXX_LANGUAGE_STANDARD = "gnu++0x";
				CLANG_CXX_LIBRARY = "libc++";
				CLANG_ENABLE_MODULES = YES;
				CLANG_ENABLE_OBJC_ARC = YES;
				CLANG_WARN_BOOL_CONVERSION = YES;
				CLANG_WARN_CONSTANT_CONVERSION = YES;
				CLANG_WARN_DIRECT_OBJC_ISA_USAGE = YES_ERROR;
				CLANG_WARN_EMPTY_BODY = YES;
				CLANG_WARN_ENUM_CONVERSION = YES;
				CLANG_WARN_INT_CONVERSION = YES;
				CLANG_WARN_OBJC_ROOT_CLASS = YES_ERROR;
				CLANG_WARN_UNREACHABLE_CODE = YES;
				CLANG_WARN__DUPLICATE_METHOD_MATCH = YES;
				CODE_SIGN_IDENTITY = "iPhone Developer";
				"CODE_SIGN_IDENTITY[sdk=iphoneos*]" = "iPhone Developer";
				COPY_PHASE_STRIP = NO;
				DEBUG_INFORMATION_FORMAT = "dwarf-with-dsym";
				ENABLE_NS_ASSERTIONS = NO;
				ENABLE_STRICT_OBJC_MSGSEND = YES;
				GCC_C_LANGUAGE_STANDARD = gnu99;
				GCC_NO_COMMON_BLOCKS = YES;
				GCC_WARN_64_TO_32_BIT_CONVERSION = YES;
				GCC_WARN_ABOUT_RETURN_TYPE = YES_ERROR;
				GCC_WARN_UNDECLARED_SELECTOR = YES;
				GCC_WARN_UNINITIALIZED_AUTOS = YES_AGGRESSIVE;
				GCC_WARN_UNUSED_FUNCTION = YES;
				GCC_WARN_UNUSED_VARIABLE = YES;
				IPHONEOS_DEPLOYMENT_TARGET = 9.3;
				MTL_ENABLE_DEBUG_INFO = NO;
				PROVISIONING_PROFILE = "";
				SDKROOT = iphoneos;
				VALIDATE_PRODUCT = YES;
			};
			name = Release;
		};
		CEAC0C2E1CF42AD000B0B1A0 /* Debug */ = {
			isa = XCBuildConfiguration;
			baseConfigurationReference = 4688458BF188FFDE061C179D /* Pods-SwiftLearing.debug.xcconfig */;
			buildSettings = {
				ASSETCATALOG_COMPILER_APPICON_NAME = AppIcon;
				CLANG_ENABLE_MODULES = YES;
				CODE_SIGN_ENTITLEMENTS = SwiftLearing/SwiftLearing.entitlements;
				CODE_SIGN_IDENTITY = "iPhone Developer";
				"CODE_SIGN_IDENTITY[sdk=iphoneos*]" = "iPhone Developer";
				INFOPLIST_FILE = SwiftLearing/Info.plist;
				LD_RUNPATH_SEARCH_PATHS = "$(inherited) @executable_path/Frameworks";
				LIBRARY_SEARCH_PATHS = (
					"$(inherited)",
					"$(PROJECT_DIR)/build/Release-iphoneos/Stripe",
				);
				PRODUCT_BUNDLE_IDENTIFIER = com.ibtest.app;
				PRODUCT_NAME = "$(TARGET_NAME)";
				PROVISIONING_PROFILE = "";
				SWIFT_OBJC_BRIDGING_HEADER = "$(SRCROOT)/$(PROJECT_NAME)/SwiftLearing-Bridging-Header.h";
				SWIFT_OPTIMIZATION_LEVEL = "-Onone";
				TARGETED_DEVICE_FAMILY = "1,2";
			};
			name = Debug;
		};
		CEAC0C2F1CF42AD000B0B1A0 /* Release */ = {
			isa = XCBuildConfiguration;
			baseConfigurationReference = 1CB98E3BF2BB4FEE3F6E17B9 /* Pods-SwiftLearing.release.xcconfig */;
			buildSettings = {
				ASSETCATALOG_COMPILER_APPICON_NAME = AppIcon;
				CLANG_ENABLE_MODULES = YES;
				CODE_SIGN_ENTITLEMENTS = SwiftLearing/SwiftLearing.entitlements;
				CODE_SIGN_IDENTITY = "iPhone Developer";
				"CODE_SIGN_IDENTITY[sdk=iphoneos*]" = "iPhone Developer";
				INFOPLIST_FILE = SwiftLearing/Info.plist;
				LD_RUNPATH_SEARCH_PATHS = "$(inherited) @executable_path/Frameworks";
				LIBRARY_SEARCH_PATHS = (
					"$(inherited)",
					"$(PROJECT_DIR)/build/Release-iphoneos/Stripe",
				);
				PRODUCT_BUNDLE_IDENTIFIER = com.ibtest.app;
				PRODUCT_NAME = "$(TARGET_NAME)";
				PROVISIONING_PROFILE = "";
				SWIFT_OBJC_BRIDGING_HEADER = "$(SRCROOT)/$(PROJECT_NAME)/SwiftLearing-Bridging-Header.h";
				TARGETED_DEVICE_FAMILY = "1,2";
			};
			name = Release;
		};
/* End XCBuildConfiguration section */

/* Begin XCConfigurationList section */
		CEAC0C161CF42ACF00B0B1A0 /* Build configuration list for PBXProject "SwiftLearing" */ = {
			isa = XCConfigurationList;
			buildConfigurations = (
				CEAC0C2B1CF42AD000B0B1A0 /* Debug */,
				CEAC0C2C1CF42AD000B0B1A0 /* Release */,
			);
			defaultConfigurationIsVisible = 0;
			defaultConfigurationName = Release;
		};
		CEAC0C2D1CF42AD000B0B1A0 /* Build configuration list for PBXNativeTarget "SwiftLearing" */ = {
			isa = XCConfigurationList;
			buildConfigurations = (
				CEAC0C2E1CF42AD000B0B1A0 /* Debug */,
				CEAC0C2F1CF42AD000B0B1A0 /* Release */,
			);
			defaultConfigurationIsVisible = 0;
			defaultConfigurationName = Release;
		};
/* End XCConfigurationList section */
	};
	rootObject = CEAC0C131CF42ACF00B0B1A0 /* Project object */;
}
